// !$*UTF8*$!
{
	archiveVersion = 1;
	classes = {};
	objectVersion = 56;
	objects = {

/* Begin PBXBuildFile section */
	1F001F6B2C9C1FC600E9A901 /* GreenSyncApp.swift in Sources */ = {isa = PBXBuildFile; fileRef = 1F001F6A2C9C1FC600E9A901 /* GreenSyncApp.swift */; };
	1F001F6D2C9C1FC600E9A901 /* ContentView.swift in Sources */ = {isa = PBXBuildFile; fileRef = 1F001F6C2C9C1FC600E9A901 /* ContentView.swift */; };
	1F001F6F2C9C1FC600E9A901 /* Models.swift in Sources */ = {isa = PBXBuildFile; fileRef = 1F001F6E2C9C1FC600E9A901 /* Models.swift */; };
	1F001F712C9C1FC600E9A901 /* AdvisorViewModel.swift in Sources */ = {isa = PBXBuildFile; fileRef = 1F001F702C9C1FC600E9A901 /* AdvisorViewModel.swift */; };
	1F001F732C9C1FC600E9A901 /* GreenSyncAPI.swift in Sources */ = {isa = PBXBuildFile; fileRef = 1F001F722C9C1FC600E9A901 /* GreenSyncAPI.swift */; };
	1F001F762C9C1FC600E9A901 /* Assets.xcassets in Resources */ = {isa = PBXBuildFile; fileRef = 1F001F752C9C1FC600E9A901 /* Assets.xcassets */; };
	1F001F782C9C1FC600E9A901 /* Info.plist in Resources */ = {isa = PBXBuildFile; fileRef = 1F001F772C9C1FC600E9A901 /* Info.plist */; };
/* End PBXBuildFile section */

/* Begin PBXFileReference section */
	1F001F672C9C1FC600E9A901 /* GreenSync.app */ = {isa = PBXFileReference; explicitFileType = wrapper.application; includeInIndex = 0; path = GreenSync.app; sourceTree = BUILT_PRODUCTS_DIR; };
	1F001F6A2C9C1FC600E9A901 /* GreenSyncApp.swift */ = {isa = PBXFileReference; lastKnownFileType = sourcecode.swift; path = GreenSyncApp.swift; sourceTree = "<group>"; };
	1F001F6C2C9C1FC600E9A901 /* ContentView.swift */ = {isa = PBXFileReference; lastKnownFileType = sourcecode.swift; name = ContentView.swift; path = Views/ContentView.swift; sourceTree = "<group>"; };
	1F001F6E2C9C1FC600E9A901 /* Models.swift */ = {isa = PBXFileReference; lastKnownFileType = sourcecode.swift; name = Models.swift; path = Models/Models.swift; sourceTree = "<group>"; };
	1F001F702C9C1FC600E9A901 /* AdvisorViewModel.swift */ = {isa = PBXFileReference; lastKnownFileType = sourcecode.swift; name = AdvisorViewModel.swift; path = ViewModels/AdvisorViewModel.swift; sourceTree = "<group>"; };
	1F001F722C9C1FC600E9A901 /* GreenSyncAPI.swift */ = {isa = PBXFileReference; lastKnownFileType = sourcecode.swift; name = GreenSyncAPI.swift; path = Services/GreenSyncAPI.swift; sourceTree = "<group>"; };
	1F001F752C9C1FC600E9A901 /* Assets.xcassets */ = {isa = PBXFileReference; lastKnownFileType = folder.assetcatalog; path = Assets.xcassets; sourceTree = "<group>"; };
	1F001F772C9C1FC600E9A901 /* Info.plist */ = {isa = PBXFileReference; lastKnownFileType = text.plist.xml; path = Info.plist; sourceTree = "<group>"; };
/* End PBXFileReference section */

/* Begin PBXFrameworksBuildPhase section */
	1F001F642C9C1FC600E9A901 /* Frameworks */ = {
		isa = PBXFrameworksBuildPhase;
		buildActionMask = 2147483647;
		files = (
		);
		runOnlyForDeploymentPostprocessing = 0;
	};
/* End PBXFrameworksBuildPhase section */

/* Begin PBXGroup section */
	1F001F5E2C9C1FC600E9A901 = {
		isa = PBXGroup;
		children = (
			1F001F742C9C1FC600E9A901 /* GreenSync */,
			1F001F682C9C1FC600E9A901 /* Products */
		);
		sourceTree = "<group>";
	};
	1F001F682C9C1FC600E9A901 /* Products */ = {
		isa = PBXGroup;
		children = (
			1F001F672C9C1FC600E9A901 /* GreenSync.app */
		);
		name = Products;
		sourceTree = "<group>";
	};
	1F001F742C9C1FC600E9A901 /* GreenSync */ = {
		isa = PBXGroup;
		children = (
			1F001F6A2C9C1FC600E9A901 /* GreenSyncApp.swift */,
			1F001F6C2C9C1FC600E9A901 /* ContentView.swift */,
			1F001F702C9C1FC600E9A901 /* AdvisorViewModel.swift */,
			1F001F6E2C9C1FC600E9A901 /* Models.swift */,
			1F001F722C9C1FC600E9A901 /* GreenSyncAPI.swift */,
			1F001F752C9C1FC600E9A901 /* Assets.xcassets */,
			1F001F772C9C1FC600E9A901 /* Info.plist */
		);
		path = GreenSync;
		sourceTree = "<group>";
	};
/* End PBXGroup section */

/* Begin PBXNativeTarget section */
	1F001F662C9C1FC600E9A901 /* GreenSync */ = {
		isa = PBXNativeTarget;
		buildConfigurationList = 1F001F7D2C9C1FC600E9A901 /* Build configuration list for PBXNativeTarget "GreenSync" */;
		buildPhases = (
			1F001F632C9C1FC600E9A901 /* Sources */,
			1F001F642C9C1FC600E9A901 /* Frameworks */,
			1F001F652C9C1FC600E9A901 /* Resources */
		);
		buildRules = (
		);
		dependencies = (
		);
		name = GreenSync;
		productName = GreenSync;
		productReference = 1F001F672C9C1FC600E9A901 /* GreenSync.app */;
		productType = "com.apple.product-type.application";
	};
/* End PBXNativeTarget section */

/* Begin PBXProject section */
	1F001F5F2C9C1FC600E9A901 /* Project object */ = {
		isa = PBXProject;
		attributes = {
			LastSwiftUpdateCheck = 1510;
			LastUpgradeCheck = 1510;
		};
		buildConfigurationList = 1F001F622C9C1FC600E9A901 /* Build configuration list for PBXProject "GreenSync" */;
		compatibilityVersion = "Xcode 14.0";
		developmentRegion = en;
		hasScannedForEncodings = 0;
		knownRegions = (
			en,
		);
		mainGroup = 1F001F5E2C9C1FC600E9A901;
		productRefGroup = 1F001F682C9C1FC600E9A901 /* Products */;
		projectDirPath = "";
		projectRoot = "";
		targets = (
			1F001F662C9C1FC600E9A901 /* GreenSync */
		);
	};
/* End PBXProject section */

/* Begin PBXResourcesBuildPhase section */
	1F001F652C9C1FC600E9A901 /* Resources */ = {
		isa = PBXResourcesBuildPhase;
		buildActionMask = 2147483647;
		files = (
			1F001F762C9C1FC600E9A901 /* Assets.xcassets in Resources */,
			1F001F782C9C1FC600E9A901 /* Info.plist in Resources */
		);
		runOnlyForDeploymentPostprocessing = 0;
	};
/* End PBXResourcesBuildPhase section */

/* Begin PBXSourcesBuildPhase section */
	1F001F632C9C1FC600E9A901 /* Sources */ = {
		isa = PBXSourcesBuildPhase;
		buildActionMask = 2147483647;
		files = (
			1F001F6B2C9C1FC600E9A901 /* GreenSyncApp.swift in Sources */,
			1F001F6D2C9C1FC600E9A901 /* ContentView.swift in Sources */,
			1F001F712C9C1FC600E9A901 /* AdvisorViewModel.swift in Sources */,
			1F001F6F2C9C1FC600E9A901 /* Models.swift in Sources */,
			1F001F732C9C1FC600E9A901 /* GreenSyncAPI.swift in Sources */
		);
		runOnlyForDeploymentPostprocessing = 0;
	};
/* End PBXSourcesBuildPhase section */

/* Begin XCBuildConfiguration section */
	1F001F7E2C9C1FC600E9A901 /* Debug */ = {
		isa = XCBuildConfiguration;
		buildSettings = {
			ALWAYS_SEARCH_USER_PATHS = NO;
			CLANG_ANALYZER_NONNULL = YES;
			CLANG_ENABLE_MODULES = YES;
			CODE_SIGN_STYLE = Automatic;
			CURRENT_PROJECT_VERSION = 1;
			DEVELOPMENT_TEAM = "";
			ENABLE_PREVIEWS = YES;
			INFOPLIST_FILE = GreenSync/Info.plist;
			IPHONEOS_DEPLOYMENT_TARGET = 16.0;
			LD_RUNPATH_SEARCH_PATHS = (
				"$(inherited)",
				"@executable_path/Frameworks"
			);
			MARKETING_VERSION = 1.0;
			PRODUCT_BUNDLE_IDENTIFIER = com.greensync.app;
			PRODUCT_NAME = "$(TARGET_NAME)";
			SWIFT_EMIT_LOC_STRINGS = NO;
			SWIFT_VERSION = 5.0;
			TARGETED_DEVICE_FAMILY = "1,2";
		};
		name = Debug;
	};
	1F001F7F2C9C1FC600E9A901 /* Release */ = {
		isa = XCBuildConfiguration;
		buildSettings = {
			ALWAYS_SEARCH_USER_PATHS = NO;
			CLANG_ANALYZER_NONNULL = YES;
			CLANG_ENABLE_MODULES = YES;
			CODE_SIGN_STYLE = Automatic;
			CURRENT_PROJECT_VERSION = 1;
			DEVELOPMENT_TEAM = "";
			ENABLE_PREVIEWS = YES;
			INFOPLIST_FILE = GreenSync/Info.plist;
			IPHONEOS_DEPLOYMENT_TARGET = 16.0;
			LD_RUNPATH_SEARCH_PATHS = (
				"$(inherited)",
				"@executable_path/Frameworks"
			);
			MARKETING_VERSION = 1.0;
			PRODUCT_BUNDLE_IDENTIFIER = com.greensync.app;
			PRODUCT_NAME = "$(TARGET_NAME)";
			SWIFT_EMIT_LOC_STRINGS = NO;
			SWIFT_VERSION = 5.0;
			TARGETED_DEVICE_FAMILY = "1,2";
		};
		name = Release;
	};
	1F001F802C9C1FC600E9A901 /* Debug */ = {
		isa = XCBuildConfiguration;
		buildSettings = {
			ALWAYS_SEARCH_USER_PATHS = NO;
			CLANG_ANALYZER_NONNULL = YES;
			CLANG_ANALYZER_NUMBER_OBJECT_CONVERSION = YES_AGGRESSIVE;
			CLANG_CXX_LANGUAGE_STANDARD = "gnu++20";
			CLANG_ENABLE_MODULES = YES;
			CLANG_ENABLE_OBJC_ARC = YES;
			CLANG_WARN_BLOCK_CAPTURE_AUTORELEASING = YES;
			CLANG_WARN_BOOL_CONVERSION = YES;
			CLANG_WARN_COMMA = YES;
			CLANG_WARN_CONSTANT_CONVERSION = YES;
			CLANG_WARN_DEPRECATED_OBJC_IMPLEMENTATIONS = YES;
			CLANG_WARN_DIRECT_OBJC_ISA_USAGE = YES_ERROR;
			CLANG_WARN_DOCUMENTATION_COMMENTS = YES;
			CLANG_WARN_EMPTY_BODY = YES;
			CLANG_WARN_ENUM_CONVERSION = YES;
			CLANG_WARN_INFINITE_RECURSION = YES;
			CLANG_WARN_INT_CONVERSION = YES;
			CLANG_WARN_NON_LITERAL_NULL_CONVERSION = YES;
			CLANG_WARN_OBJC_IMPLICIT_RETAIN_SELF = YES;
			CLANG_WARN_OBJC_LITERAL_CONVERSION = YES;
			CLANG_WARN_OBJC_ROOT_CLASS = YES_ERROR;
			CLANG_WARN_QUOTED_INCLUDE_IN_FRAMEWORK_HEADER = YES;
			CLANG_WARN_RANGE_LOOP_ANALYSIS = YES;
			CLANG_WARN_STRICT_PROTOTYPES = YES;
			CLANG_WARN_SUSPICIOUS_MOVE = YES;
			CLANG_WARN_UNREACHABLE_CODE = YES;
			CLANG_WARN__DUPLICATE_METHOD_MATCH = YES;
			COPY_PHASE_STRIP = NO;
			DEBUG_INFORMATION_FORMAT = dwarf;
			ENABLE_STRICT_OBJC_MSGSEND = YES;
			ENABLE_TESTABILITY = YES;
			GCC_C_LANGUAGE_STANDARD = gnu17;
			GCC_DYNAMIC_NO_PIC = NO;
			GCC_NO_COMMON_BLOCKS = YES;
			GCC_OPTIMIZATION_LEVEL = 0;
			GCC_PREPROCESSOR_DEFINITIONS = (
				"DEBUG=1",
				"$(inherited)"
			);
			GCC_WARN_64_TO_32_BIT_CONVERSION = YES;
			GCC_WARN_ABOUT_RETURN_TYPE = YES_ERROR;
			GCC_WARN_UNDECLARED_SELECTOR = YES;
			GCC_WARN_UNINITIALIZED_AUTOS = YES_AGGRESSIVE;
			GCC_WARN_UNUSED_FUNCTION = YES;
			GCC_WARN_UNUSED_VARIABLE = YES;
			IPHONEOS_DEPLOYMENT_TARGET = 16.0;
			MTL_ENABLE_DEBUG_INFO = INCLUDE_SOURCE;
			ONLY_ACTIVE_ARCH = YES;
			SDKROOT = iphoneos;
		};
		name = Debug;
	};
	1F001F812C9C1FC600E9A901 /* Release */ = {
		isa = XCBuildConfiguration;
		buildSettings = {
			ALWAYS_SEARCH_USER_PATHS = NO;
			CLANG_ANALYZER_NONNULL = YES;
			CLANG_ANALYZER_NUMBER_OBJECT_CONVERSION = YES_AGGRESSIVE;
			CLANG_CXX_LANGUAGE_STANDARD = "gnu++20";
			CLANG_ENABLE_MODULES = YES;
			CLANG_ENABLE_OBJC_ARC = YES;
			CLANG_WARN_BLOCK_CAPTURE_AUTORELEASING = YES;
			CLANG_WARN_BOOL_CONVERSION = YES;
			CLANG_WARN_COMMA = YES;
			CLANG_WARN_CONSTANT_CONVERSION = YES;
			CLANG_WARN_DEPRECATED_OBJC_IMPLEMENTATIONS = YES;
			CLANG_WARN_DIRECT_OBJC_ISA_USAGE = YES_ERROR;
			CLANG_WARN_DOCUMENTATION_COMMENTS = YES;
			CLANG_WARN_EMPTY_BODY = YES;
			CLANG_WARN_ENUM_CONVERSION = YES;
			CLANG_WARN_INFINITE_RECURSION = YES;
			CLANG_WARN_INT_CONVERSION = YES;
			CLANG_WARN_NON_LITERAL_NULL_CONVERSION = YES;
			CLANG_WARN_OBJC_IMPLICIT_RETAIN_SELF = YES;
			CLANG_WARN_OBJC_LITERAL_CONVERSION = YES;
			CLANG_WARN_OBJC_ROOT_CLASS = YES_ERROR;
			CLANG_WARN_QUOTED_INCLUDE_IN_FRAMEWORK_HEADER = YES;
			CLANG_WARN_RANGE_LOOP_ANALYSIS = YES;
			CLANG_WARN_STRICT_PROTOTYPES = YES;
			CLANG_WARN_SUSPICIOUS_MOVE = YES;
			CLANG_WARN_UNREACHABLE_CODE = YES;
			CLANG_WARN__DUPLICATE_METHOD_MATCH = YES;
			COPY_PHASE_STRIP = NO;
			DEBUG_INFORMATION_FORMAT = "dwarf-with-dsym";
			ENABLE_NS_ASSERTIONS = NO;
			ENABLE_STRICT_OBJC_MSGSEND = YES;
			GCC_C_LANGUAGE_STANDARD = gnu17;
			GCC_NO_COMMON_BLOCKS = YES;
			GCC_WARN_64_TO_32_BIT_CONVERSION = YES;
			GCC_WARN_ABOUT_RETURN_TYPE = YES_ERROR;
			GCC_WARN_UNDECLARED_SELECTOR = YES;
			GCC_WARN_UNINITIALIZED_AUTOS = YES_AGGRESSIVE;
			GCC_WARN_UNUSED_FUNCTION = YES;
			GCC_WARN_UNUSED_VARIABLE = YES;
			IPHONEOS_DEPLOYMENT_TARGET = 16.0;
			MTL_ENABLE_DEBUG_INFO = NO;
			SDKROOT = iphoneos;
			VALIDATE_PRODUCT = YES;
		};
		name = Release;
	};
/* End XCBuildConfiguration section */

/* Begin XCConfigurationList section */
	1F001F622C9C1FC600E9A901 /* Build configuration list for PBXProject "GreenSync" */ = {
		isa = XCConfigurationList;
		buildConfigurations = (
			1F001F802C9C1FC600E9A901 /* Debug */,
			1F001F812C9C1FC600E9A901 /* Release */
		);
		defaultConfigurationIsVisible = 0;
		defaultConfigurationName = Debug;
	};
	1F001F7D2C9C1FC600E9A901 /* Build configuration list for PBXNativeTarget "GreenSync" */ = {
		isa = XCConfigurationList;
		buildConfigurations = (
			1F001F7E2C9C1FC600E9A901 /* Debug */,
			1F001F7F2C9C1FC600E9A901 /* Release */
		);
		defaultConfigurationIsVisible = 0;
		defaultConfigurationName = Debug;
	};
/* End XCConfigurationList section */

	};
	rootObject = 1F001F5F2C9C1FC600E9A901 /* Project object */;
}
